# This file is automatically @generated by Cargo.
# It is not intended for manual editing.
version = 4

[[package]]
name = "math"
version = "0.1.0"
dependencies = [
 "pinyin",
]

[[package]]
name = "pinyin"
version = "0.10.0"
source = "registry+https://github.com/rust-lang/crates.io-index"
checksum = "16f2611cd06a1ac239a0cea4521de9eb068a6ca110324ee00631aa68daa74fc0"
